// !$*UTF8*$!
{
	archiveVersion = 1;
	classes = {
	};
	objectVersion = 46;
	objects = {

/* Begin PBXBuildFile section */
		0AE4BEDF1987A50D007DF4D0 /* Foundation.framework in Frameworks */ = {isa = PBXBuildFile; fileRef = 0AE4BEDE1987A50D007DF4D0 /* Foundation.framework */; };
		0AE4BEE11987A50D007DF4D0 /* CoreGraphics.framework in Frameworks */ = {isa = PBXBuildFile; fileRef = 0AE4BEE01987A50D007DF4D0 /* CoreGraphics.framework */; };
		0AE4BEE31987A50D007DF4D0 /* UIKit.framework in Frameworks */ = {isa = PBXBuildFile; fileRef = 0AE4BEE21987A50D007DF4D0 /* UIKit.framework */; };
		0AE4BEE91987A50D007DF4D0 /* InfoPlist.strings in Resources */ = {isa = PBXBuildFile; fileRef = 0AE4BEE71987A50D007DF4D0 /* InfoPlist.strings */; };
		0AE4BEEB1987A50D007DF4D0 /* main.m in Sources */ = {isa = PBXBuildFile; fileRef = 0AE4BEEA1987A50D007DF4D0 /* main.m */; };
		0AE4BEEF1987A50D007DF4D0 /* RelaxSound.m in Sources */ = {isa = PBXBuildFile; fileRef = 0AE4BEEE1987A50D007DF4D0 /* RelaxSound.m */; };
		0AE4BEF11987A50D007DF4D0 /* Images.xcassets in Resources */ = {isa = PBXBuildFile; fileRef = 0AE4BEF01987A50D007DF4D0 /* Images.xcassets */; };
		0AE4BEF81987A50D007DF4D0 /* XCTest.framework in Frameworks */ = {isa = PBXBuildFile; fileRef = 0AE4BEF71987A50D007DF4D0 /* XCTest.framework */; };
		0AE4BEF91987A50D007DF4D0 /* Foundation.framework in Frameworks */ = {isa = PBXBuildFile; fileRef = 0AE4BEDE1987A50D007DF4D0 /* Foundation.framework */; };
		0AE4BEFA1987A50D007DF4D0 /* UIKit.framework in Frameworks */ = {isa = PBXBuildFile; fileRef = 0AE4BEE21987A50D007DF4D0 /* UIKit.framework */; };
		0AE4BF021987A50D007DF4D0 /* InfoPlist.strings in Resources */ = {isa = PBXBuildFile; fileRef = 0AE4BF001987A50D007DF4D0 /* InfoPlist.strings */; };
		0AE4BF041987A50D007DF4D0 /* RelaxSoundTests.m in Sources */ = {isa = PBXBuildFile; fileRef = 0AE4BF031987A50D007DF4D0 /* RelaxSoundTests.m */; };
		0AE4BF131987A7E1007DF4D0 /* KSMainViewController.m in Sources */ = {isa = PBXBuildFile; fileRef = 0AE4BF121987A7E1007DF4D0 /* KSMainViewController.m */; };
		0AE4BF161987AC3D007DF4D0 /* KSMainToolViewController.m in Sources */ = {isa = PBXBuildFile; fileRef = 0AE4BF151987AC3D007DF4D0 /* KSMainToolViewController.m */; };
		279984911AE8FEBA000B19FD /* KSToolSonViewController.m in Sources */ = {isa = PBXBuildFile; fileRef = 279984901AE8FEBA000B19FD /* KSToolSonViewController.m */; };
		279984941AE8FEF9000B19FD /* KSPostNoticeViewController.m in Sources */ = {isa = PBXBuildFile; fileRef = 279984931AE8FEF9000B19FD /* KSPostNoticeViewController.m */; };
		279984981AE9053A000B19FD /* KSGoViewController.m in Sources */ = {isa = PBXBuildFile; fileRef = 279984971AE9053A000B19FD /* KSGoViewController.m */; };
/* End PBXBuildFile section */

/* Begin PBXContainerItemProxy section */
		0AE4BEFB1987A50D007DF4D0 /* PBXContainerItemProxy */ = {
			isa = PBXContainerItemProxy;
			containerPortal = 0AE4BED31987A50D007DF4D0 /* Project object */;
			proxyType = 1;
			remoteGlobalIDString = 0AE4BEDA1987A50D007DF4D0;
			remoteInfo = RelaxSound;
		};
/* End PBXContainerItemProxy section */

/* Begin PBXFileReference section */
		0AE4BEDB1987A50D007DF4D0 /* RelaxSound.app */ = {isa = PBXFileReference; explicitFileType = wrapper.application; includeInIndex = 0; path = RelaxSound.app; sourceTree = BUILT_PRODUCTS_DIR; };
		0AE4BEDE1987A50D007DF4D0 /* Foundation.framework */ = {isa = PBXFileReference; lastKnownFileType = wrapper.framework; name = Foundation.framework; path = System/Library/Frameworks/Foundation.framework; sourceTree = SDKROOT; };
		0AE4BEE01987A50D007DF4D0 /* CoreGraphics.framework */ = {isa = PBXFileReference; lastKnownFileType = wrapper.framework; name = CoreGraphics.framework; path = System/Library/Frameworks/CoreGraphics.framework; sourceTree = SDKROOT; };
		0AE4BEE21987A50D007DF4D0 /* UIKit.framework */ = {isa = PBXFileReference; lastKnownFileType = wrapper.framework; name = UIKit.framework; path = System/Library/Frameworks/UIKit.framework; sourceTree = SDKROOT; };
		0AE4BEE61987A50D007DF4D0 /* RelaxSound-Info.plist */ = {isa = PBXFileReference; lastKnownFileType = text.plist.xml; path = "RelaxSound-Info.plist"; sourceTree = "<group>"; };
		0AE4BEE81987A50D007DF4D0 /* en */ = {isa = PBXFileReference; lastKnownFileType = text.plist.strings; name = en; path = en.lproj/InfoPlist.strings; sourceTree = "<group>"; };
		0AE4BEEA1987A50D007DF4D0 /* main.m */ = {isa = PBXFileReference; lastKnownFileType = sourcecode.c.objc; path = main.m; sourceTree = "<group>"; };
		0AE4BEEC1987A50D007DF4D0 /* RelaxSound-Prefix.pch */ = {isa = PBXFileReference; lastKnownFileType = sourcecode.c.h; path = "RelaxSound-Prefix.pch"; sourceTree = "<group>"; };
		0AE4BEED1987A50D007DF4D0 /* RelaxSound.h */ = {isa = PBXFileReference; lastKnownFileType = sourcecode.c.h; path = RelaxSound.h; sourceTree = "<group>"; };
		0AE4BEEE1987A50D007DF4D0 /* RelaxSound.m */ = {isa = PBXFileReference; lastKnownFileType = sourcecode.c.objc; path = RelaxSound.m; sourceTree = "<group>"; };
		0AE4BEF01987A50D007DF4D0 /* Images.xcassets */ = {isa = PBXFileReference; lastKnownFileType = folder.assetcatalog; path = Images.xcassets; sourceTree = "<group>"; };
		0AE4BEF61987A50D007DF4D0 /* RelaxSoundTests.xctest */ = {isa = PBXFileReference; explicitFileType = wrapper.cfbundle; includeInIndex = 0; path = RelaxSoundTests.xctest; sourceTree = BUILT_PRODUCTS_DIR; };
		0AE4BEF71987A50D007DF4D0 /* XCTest.framework */ = {isa = PBXFileReference; lastKnownFileType = wrapper.framework; name = XCTest.framework; path = Library/Frameworks/XCTest.framework; sourceTree = DEVELOPER_DIR; };
		0AE4BEFF1987A50D007DF4D0 /* RelaxSoundTests-Info.plist */ = {isa = PBXFileReference; lastKnownFileType = text.plist.xml; path = "RelaxSoundTests-Info.plist"; sourceTree = "<group>"; };
		0AE4BF011987A50D007DF4D0 /* en */ = {isa = PBXFileReference; lastKnownFileType = text.plist.strings; name = en; path = en.lproj/InfoPlist.strings; sourceTree = "<group>"; };
		0AE4BF031987A50D007DF4D0 /* RelaxSoundTests.m */ = {isa = PBXFileReference; lastKnownFileType = sourcecode.c.objc; path = RelaxSoundTests.m; sourceTree = "<group>"; };
		0AE4BF111987A7E1007DF4D0 /* KSMainViewController.h */ = {isa = PBXFileReference; fileEncoding = 4; lastKnownFileType = sourcecode.c.h; path = KSMainViewController.h; sourceTree = "<group>"; };
		0AE4BF121987A7E1007DF4D0 /* KSMainViewController.m */ = {isa = PBXFileReference; fileEncoding = 4; lastKnownFileType = sourcecode.c.objc; path = KSMainViewController.m; sourceTree = "<group>"; };
		0AE4BF141987AC3D007DF4D0 /* KSMainToolViewController.h */ = {isa = PBXFileReference; fileEncoding = 4; lastKnownFileType = sourcecode.c.h; path = KSMainToolViewController.h; sourceTree = "<group>"; };
		0AE4BF151987AC3D007DF4D0 /* KSMainToolViewController.m */ = {isa = PBXFileReference; fileEncoding = 4; lastKnownFileType = sourcecode.c.objc; path = KSMainToolViewController.m; sourceTree = "<group>"; };
		2799848F1AE8FEBA000B19FD /* KSToolSonViewController.h */ = {isa = PBXFileReference; fileEncoding = 4; lastKnownFileType = sourcecode.c.h; path = KSToolSonViewController.h; sourceTree = "<group>"; };
		279984901AE8FEBA000B19FD /* KSToolSonViewController.m */ = {isa = PBXFileReference; fileEncoding = 4; lastKnownFileType = sourcecode.c.objc; path = KSToolSonViewController.m; sourceTree = "<group>"; };
		279984921AE8FEF9000B19FD /* KSPostNoticeViewController.h */ = {isa = PBXFileReference; fileEncoding = 4; lastKnownFileType = sourcecode.c.h; path = KSPostNoticeViewController.h; sourceTree = "<group>"; };
		279984931AE8FEF9000B19FD /* KSPostNoticeViewController.m */ = {isa = PBXFileReference; fileEncoding = 4; lastKnownFileType = sourcecode.c.objc; path = KSPostNoticeViewController.m; sourceTree = "<group>"; };
		279984961AE9053A000B19FD /* KSGoViewController.h */ = {isa = PBXFileReference; fileEncoding = 4; lastKnownFileType = sourcecode.c.h; path = KSGoViewController.h; sourceTree = "<group>"; };
		279984971AE9053A000B19FD /* KSGoViewController.m */ = {isa = PBXFileReference; fileEncoding = 4; lastKnownFileType = sourcecode.c.objc; path = KSGoViewController.m; sourceTree = "<group>"; };
/* End PBXFileReference section */

/* Begin PBXFrameworksBuildPhase section */
		0AE4BED81987A50D007DF4D0 /* Frameworks */ = {
			isa = PBXFrameworksBuildPhase;
			buildActionMask = 2147483647;
			files = (
				0AE4BEE11987A50D007DF4D0 /* CoreGraphics.framework in Frameworks */,
				0AE4BEE31987A50D007DF4D0 /* UIKit.framework in Frameworks */,
				0AE4BEDF1987A50D007DF4D0 /* Foundation.framework in Frameworks */,
			);
			runOnlyForDeploymentPostprocessing = 0;
		};
		0AE4BEF31987A50D007DF4D0 /* Frameworks */ = {
			isa = PBXFrameworksBuildPhase;
			buildActionMask = 2147483647;
			files = (
				0AE4BEF81987A50D007DF4D0 /* XCTest.framework in Frameworks */,
				0AE4BEFA1987A50D007DF4D0 /* UIKit.framework in Frameworks */,
				0AE4BEF91987A50D007DF4D0 /* Foundation.framework in Frameworks */,
			);
			runOnlyForDeploymentPostprocessing = 0;
		};
/* End PBXFrameworksBuildPhase section */

/* Begin PBXGroup section */
		0AE4BED21987A50D007DF4D0 = {
			isa = PBXGroup;
			children = (
				0AE4BEE41987A50D007DF4D0 /* RelaxSound */,
				0AE4BEFD1987A50D007DF4D0 /* RelaxSoundTests */,
				0AE4BEDD1987A50D007DF4D0 /* Frameworks */,
				0AE4BEDC1987A50D007DF4D0 /* Products */,
			);
			sourceTree = "<group>";
		};
		0AE4BEDC1987A50D007DF4D0 /* Products */ = {
			isa = PBXGroup;
			children = (
				0AE4BEDB1987A50D007DF4D0 /* RelaxSound.app */,
				0AE4BEF61987A50D007DF4D0 /* RelaxSoundTests.xctest */,
			);
			name = Products;
			sourceTree = "<group>";
		};
		0AE4BEDD1987A50D007DF4D0 /* Frameworks */ = {
			isa = PBXGroup;
			children = (
				0AE4BEDE1987A50D007DF4D0 /* Foundation.framework */,
				0AE4BEE01987A50D007DF4D0 /* CoreGraphics.framework */,
				0AE4BEE21987A50D007DF4D0 /* UIKit.framework */,
				0AE4BEF71987A50D007DF4D0 /* XCTest.framework */,
			);
			name = Frameworks;
			sourceTree = "<group>";
		};
		0AE4BEE41987A50D007DF4D0 /* RelaxSound */ = {
			isa = PBXGroup;
			children = (
				0AE4BF0D1987A7C3007DF4D0 /* main */,
				0AE4BEED1987A50D007DF4D0 /* RelaxSound.h */,
				0AE4BEEE1987A50D007DF4D0 /* RelaxSound.m */,
				0AE4BEF01987A50D007DF4D0 /* Images.xcassets */,
				0AE4BEE51987A50D007DF4D0 /* Supporting Files */,
			);
			path = RelaxSound;
			sourceTree = "<group>";
		};
		0AE4BEE51987A50D007DF4D0 /* Supporting Files */ = {
			isa = PBXGroup;
			children = (
				0AE4BEE61987A50D007DF4D0 /* RelaxSound-Info.plist */,
				0AE4BEE71987A50D007DF4D0 /* InfoPlist.strings */,
				0AE4BEEA1987A50D007DF4D0 /* main.m */,
				0AE4BEEC1987A50D007DF4D0 /* RelaxSound-Prefix.pch */,
			);
			name = "Supporting Files";
			sourceTree = "<group>";
		};
		0AE4BEFD1987A50D007DF4D0 /* RelaxSoundTests */ = {
			isa = PBXGroup;
			children = (
				0AE4BF031987A50D007DF4D0 /* RelaxSoundTests.m */,
				0AE4BEFE1987A50D007DF4D0 /* Supporting Files */,
			);
			path = RelaxSoundTests;
			sourceTree = "<group>";
		};
		0AE4BEFE1987A50D007DF4D0 /* Supporting Files */ = {
			isa = PBXGroup;
			children = (
				0AE4BEFF1987A50D007DF4D0 /* RelaxSoundTests-Info.plist */,
				0AE4BF001987A50D007DF4D0 /* InfoPlist.strings */,
			);
			name = "Supporting Files";
			sourceTree = "<group>";
		};
		0AE4BF0D1987A7C3007DF4D0 /* main */ = {
			isa = PBXGroup;
			children = (
				0AE4BF0E1987A7C3007DF4D0 /* controller */,
				0AE4BF0F1987A7C3007DF4D0 /* model */,
				0AE4BF101987A7C3007DF4D0 /* view */,
			);
			path = main;
			sourceTree = "<group>";
		};
		0AE4BF0E1987A7C3007DF4D0 /* controller */ = {
			isa = PBXGroup;
			children = (
				0AE4BF111987A7E1007DF4D0 /* KSMainViewController.h */,
				0AE4BF121987A7E1007DF4D0 /* KSMainViewController.m */,
				0AE4BF141987AC3D007DF4D0 /* KSMainToolViewController.h */,
				0AE4BF151987AC3D007DF4D0 /* KSMainToolViewController.m */,
				2799848F1AE8FEBA000B19FD /* KSToolSonViewController.h */,
				279984901AE8FEBA000B19FD /* KSToolSonViewController.m */,
				279984921AE8FEF9000B19FD /* KSPostNoticeViewController.h */,
				279984931AE8FEF9000B19FD /* KSPostNoticeViewController.m */,
				279984961AE9053A000B19FD /* KSGoViewController.h */,
				279984971AE9053A000B19FD /* KSGoViewController.m */,
			);
			path = controller;
			sourceTree = "<group>";
		};
		0AE4BF0F1987A7C3007DF4D0 /* model */ = {
			isa = PBXGroup;
			children = (
			);
			path = model;
			sourceTree = "<group>";
		};
		0AE4BF101987A7C3007DF4D0 /* view */ = {
			isa = PBXGroup;
			children = (
			);
			path = view;
			sourceTree = "<group>";
		};
/* End PBXGroup section */

/* Begin PBXNativeTarget section */
		0AE4BEDA1987A50D007DF4D0 /* RelaxSound */ = {
			isa = PBXNativeTarget;
			buildConfigurationList = 0AE4BF071987A50D007DF4D0 /* Build configuration list for PBXNativeTarget "RelaxSound" */;
			buildPhases = (
				0AE4BED71987A50D007DF4D0 /* Sources */,
				0AE4BED81987A50D007DF4D0 /* Frameworks */,
				0AE4BED91987A50D007DF4D0 /* Resources */,
			);
			buildRules = (
			);
			dependencies = (
			);
			name = RelaxSound;
			productName = RelaxSound;
			productReference = 0AE4BEDB1987A50D007DF4D0 /* RelaxSound.app */;
			productType = "com.apple.product-type.application";
		};
		0AE4BEF51987A50D007DF4D0 /* RelaxSoundTests */ = {
			isa = PBXNativeTarget;
			buildConfigurationList = 0AE4BF0A1987A50D007DF4D0 /* Build configuration list for PBXNativeTarget "RelaxSoundTests" */;
			buildPhases = (
				0AE4BEF21987A50D007DF4D0 /* Sources */,
				0AE4BEF31987A50D007DF4D0 /* Frameworks */,
				0AE4BEF41987A50D007DF4D0 /* Resources */,
			);
			buildRules = (
			);
			dependencies = (
				0AE4BEFC1987A50D007DF4D0 /* PBXTargetDependency */,
			);
			name = RelaxSoundTests;
			productName = RelaxSoundTests;
			productReference = 0AE4BEF61987A50D007DF4D0 /* RelaxSoundTests.xctest */;
			productType = "com.apple.product-type.bundle.unit-test";
		};
/* End PBXNativeTarget section */

/* Begin PBXProject section */
		0AE4BED31987A50D007DF4D0 /* Project object */ = {
			isa = PBXProject;
			attributes = {
				CLASSPREFIX = KS;
				LastUpgradeCheck = 0510;
				ORGANIZATIONNAME = com.kevin;
				TargetAttributes = {
					0AE4BEDA1987A50D007DF4D0 = {
						DevelopmentTeam = R548YE2S4R;
					};
					0AE4BEF51987A50D007DF4D0 = {
						TestTargetID = 0AE4BEDA1987A50D007DF4D0;
					};
				};
			};
			buildConfigurationList = 0AE4BED61987A50D007DF4D0 /* Build configuration list for PBXProject "RelaxSound" */;
			compatibilityVersion = "Xcode 3.2";
			developmentRegion = English;
			hasScannedForEncodings = 0;
			knownRegions = (
				en,
			);
			mainGroup = 0AE4BED21987A50D007DF4D0;
			productRefGroup = 0AE4BEDC1987A50D007DF4D0 /* Products */;
			projectDirPath = "";
			projectRoot = "";
			targets = (
				0AE4BEDA1987A50D007DF4D0 /* RelaxSound */,
				0AE4BEF51987A50D007DF4D0 /* RelaxSoundTests */,
			);
		};
/* End PBXProject section */

/* Begin PBXResourcesBuildPhase section */
		0AE4BED91987A50D007DF4D0 /* Resources */ = {
			isa = PBXResourcesBuildPhase;
			buildActionMask = 2147483647;
			files = (
				0AE4BEE91987A50D007DF4D0 /* InfoPlist.strings in Resources */,
				0AE4BEF11987A50D007DF4D0 /* Images.xcassets in Resources */,
			);
			runOnlyForDeploymentPostprocessing = 0;
		};
		0AE4BEF41987A50D007DF4D0 /* Resources */ = {
			isa = PBXResourcesBuildPhase;
			buildActionMask = 2147483647;
			files = (
				0AE4BF021987A50D007DF4D0 /* InfoPlist.strings in Resources */,
			);
			runOnlyForDeploymentPostprocessing = 0;
		};
/* End PBXResourcesBuildPhase section */

/* Begin PBXSourcesBuildPhase section */
		0AE4BED71987A50D007DF4D0 /* Sources */ = {
			isa = PBXSourcesBuildPhase;
			buildActionMask = 2147483647;
			files = (
				279984941AE8FEF9000B19FD /* KSPostNoticeViewController.m in Sources */,
				279984911AE8FEBA000B19FD /* KSToolSonViewController.m in Sources */,
				279984981AE9053A000B19FD /* KSGoViewController.m in Sources */,
				0AE4BEEF1987A50D007DF4D0 /* RelaxSound.m in Sources */,
				0AE4BF161987AC3D007DF4D0 /* KSMainToolViewController.m in Sources */,
				0AE4BEEB1987A50D007DF4D0 /* main.m in Sources */,
				0AE4BF131987A7E1007DF4D0 /* KSMainViewController.m in Sources */,
			);
			runOnlyForDeploymentPostprocessing = 0;
		};
		0AE4BEF21987A50D007DF4D0 /* Sources */ = {
			isa = PBXSourcesBuildPhase;
			buildActionMask = 2147483647;
			files = (
				0AE4BF041987A50D007DF4D0 /* RelaxSoundTests.m in Sources */,
			);
			runOnlyForDeploymentPostprocessing = 0;
		};
/* End PBXSourcesBuildPhase section */

/* Begin PBXTargetDependency section */
		0AE4BEFC1987A50D007DF4D0 /* PBXTargetDependency */ = {
			isa = PBXTargetDependency;
			target = 0AE4BEDA1987A50D007DF4D0 /* RelaxSound */;
			targetProxy = 0AE4BEFB1987A50D007DF4D0 /* PBXContainerItemProxy */;
		};
/* End PBXTargetDependency section */

/* Begin PBXVariantGroup section */
		0AE4BEE71987A50D007DF4D0 /* InfoPlist.strings */ = {
			isa = PBXVariantGroup;
			children = (
				0AE4BEE81987A50D007DF4D0 /* en */,
			);
			name = InfoPlist.strings;
			sourceTree = "<group>";
		};
		0AE4BF001987A50D007DF4D0 /* InfoPlist.strings */ = {
			isa = PBXVariantGroup;
			children = (
				0AE4BF011987A50D007DF4D0 /* en */,
			);
			name = InfoPlist.strings;
			sourceTree = "<group>";
		};
/* End PBXVariantGroup section */

/* Begin XCBuildConfiguration section */
		0AE4BF051987A50D007DF4D0 /* Debug */ = {
			isa = XCBuildConfiguration;
			buildSettings = {
				ALWAYS_SEARCH_USER_PATHS = NO;
				CLANG_CXX_LANGUAGE_STANDARD = "gnu++0x";
				CLANG_CXX_LIBRARY = "libc++";
				CLANG_ENABLE_MODULES = YES;
				CLANG_ENABLE_OBJC_ARC = YES;
				CLANG_WARN_BOOL_CONVERSION = YES;
				CLANG_WARN_CONSTANT_CONVERSION = YES;
				CLANG_WARN_DIRECT_OBJC_ISA_USAGE = YES_ERROR;
				CLANG_WARN_EMPTY_BODY = YES;
				CLANG_WARN_ENUM_CONVERSION = YES;
				CLANG_WARN_INT_CONVERSION = YES;
				CLANG_WARN_OBJC_ROOT_CLASS = YES_ERROR;
				CLANG_WARN__DUPLICATE_METHOD_MATCH = YES;
				"CODE_SIGN_IDENTITY[sdk=iphoneos*]" = "iPhone Developer";
				COPY_PHASE_STRIP = NO;
				GCC_C_LANGUAGE_STANDARD = gnu99;
				GCC_DYNAMIC_NO_PIC = NO;
				GCC_OPTIMIZATION_LEVEL = 0;
				GCC_PREPROCESSOR_DEFINITIONS = (
					"DEBUG=1",
					"$(inherited)",
				);
				GCC_SYMBOLS_PRIVATE_EXTERN = NO;
				GCC_WARN_64_TO_32_BIT_CONVERSION = YES;
				GCC_WARN_ABOUT_RETURN_TYPE = YES_ERROR;
				GCC_WARN_UNDECLARED_SELECTOR = YES;
				GCC_WARN_UNINITIALIZED_AUTOS = YES_AGGRESSIVE;
				GCC_WARN_UNUSED_FUNCTION = YES;
				GCC_WARN_UNUSED_VARIABLE = YES;
				IPHONEOS_DEPLOYMENT_TARGET = 7.1;
				ONLY_ACTIVE_ARCH = YES;
				SDKROOT = iphoneos;
				TARGETED_DEVICE_FAMILY = "1,2";
			};
			name = Debug;
		};
		0AE4BF061987A50D007DF4D0 /* Release */ = {
			isa = XCBuildConfiguration;
			buildSettings = {
				ALWAYS_SEARCH_USER_PATHS = NO;
				CLANG_CXX_LANGUAGE_STANDARD = "gnu++0x";
				CLANG_CXX_LIBRARY = "libc++";
				CLANG_ENABLE_MODULES = YES;
				CLANG_ENABLE_OBJC_ARC = YES;
				CLANG_WARN_BOOL_CONVERSION = YES;
				CLANG_WARN_CONSTANT_CONVERSION = YES;
				CLANG_WARN_DIRECT_OBJC_ISA_USAGE = YES_ERROR;
				CLANG_WARN_EMPTY_BODY = YES;
				CLANG_WARN_ENUM_CONVERSION = YES;
				CLANG_WARN_INT_CONVERSION = YES;
				CLANG_WARN_OBJC_ROOT_CLASS = YES_ERROR;
				CLANG_WARN__DUPLICATE_METHOD_MATCH = YES;
				"CODE_SIGN_IDENTITY[sdk=iphoneos*]" = "iPhone Developer";
				COPY_PHASE_STRIP = YES;
				ENABLE_NS_ASSERTIONS = NO;
				GCC_C_LANGUAGE_STANDARD = gnu99;
				GCC_WARN_64_TO_32_BIT_CONVERSION = YES;
				GCC_WARN_ABOUT_RETURN_TYPE = YES_ERROR;
				GCC_WARN_UNDECLARED_SELECTOR = YES;
				GCC_WARN_UNINITIALIZED_AUTOS = YES_AGGRESSIVE;
				GCC_WARN_UNUSED_FUNCTION = YES;
				GCC_WARN_UNUSED_VARIABLE = YES;
				IPHONEOS_DEPLOYMENT_TARGET = 7.1;
				SDKROOT = iphoneos;
				TARGETED_DEVICE_FAMILY = "1,2";
				VALIDATE_PRODUCT = YES;
			};
			name = Release;
		};
		0AE4BF081987A50D007DF4D0 /* Debug */ = {
			isa = XCBuildConfiguration;
			buildSettings = {
				ASSETCATALOG_COMPILER_APPICON_NAME = AppIcon;
				ASSETCATALOG_COMPILER_LAUNCHIMAGE_NAME = LaunchImage;
				CODE_SIGN_IDENTITY = "iPhone Developer";
				"CODE_SIGN_IDENTITY[sdk=iphoneos*]" = "iPhone Developer";
				GCC_PRECOMPILE_PREFIX_HEADER = YES;
				GCC_PREFIX_HEADER = "RelaxSound/RelaxSound-Prefix.pch";
				INFOPLIST_FILE = "RelaxSound/RelaxSound-Info.plist";
				PRODUCT_NAME = "$(TARGET_NAME)";
				PROVISIONING_PROFILE = "";
				WRAPPER_EXTENSION = app;
			};
			name = Debug;
		};
		0AE4BF091987A50D007DF4D0 /* Release */ = {
			isa = XCBuildConfiguration;
			buildSettings = {
				ASSETCATALOG_COMPILER_APPICON_NAME = AppIcon;
				ASSETCATALOG_COMPILER_LAUNCHIMAGE_NAME = LaunchImage;
				CODE_SIGN_IDENTITY = "iPhone Developer";
				"CODE_SIGN_IDENTITY[sdk=iphoneos*]" = "iPhone Developer";
				GCC_PRECOMPILE_PREFIX_HEADER = YES;
				GCC_PREFIX_HEADER = "RelaxSound/RelaxSound-Prefix.pch";
				INFOPLIST_FILE = "RelaxSound/RelaxSound-Info.plist";
				PRODUCT_NAME = "$(TARGET_NAME)";
				PROVISIONING_PROFILE = "";
				WRAPPER_EXTENSION = app;
			};
			name = Release;
		};
		0AE4BF0B1987A50D007DF4D0 /* Debug */ = {
			isa = XCBuildConfiguration;
			buildSettings = {
				BUNDLE_LOADER = "$(BUILT_PRODUCTS_DIR)/RelaxSound.app/RelaxSound";
				FRAMEWORK_SEARCH_PATHS = (
					"$(SDKROOT)/Developer/Library/Frameworks",
					"$(inherited)",
					"$(DEVELOPER_FRAMEWORKS_DIR)",
				);
				GCC_PRECOMPILE_PREFIX_HEADER = YES;
				GCC_PREFIX_HEADER = "RelaxSound/RelaxSound-Prefix.pch";
				GCC_PREPROCESSOR_DEFINITIONS = (
					"DEBUG=1",
					"$(inherited)",
				);
				INFOPLIST_FILE = "RelaxSoundTests/RelaxSoundTests-Info.plist";
				PRODUCT_NAME = "$(TARGET_NAME)";
				TEST_HOST = "$(BUNDLE_LOADER)";
				WRAPPER_EXTENSION = xctest;
			};
			name = Debug;
		};
		0AE4BF0C1987A50D007DF4D0 /* Release */ = {
			isa = XCBuildConfiguration;
			buildSettings = {
				BUNDLE_LOADER = "$(BUILT_PRODUCTS_DIR)/RelaxSound.app/RelaxSound";
				FRAMEWORK_SEARCH_PATHS = (
					"$(SDKROOT)/Developer/Library/Frameworks",
					"$(inherited)",
					"$(DEVELOPER_FRAMEWORKS_DIR)",
				);
				GCC_PRECOMPILE_PREFIX_HEADER = YES;
				GCC_PREFIX_HEADER = "RelaxSound/RelaxSound-Prefix.pch";
				INFOPLIST_FILE = "RelaxSoundTests/RelaxSoundTests-Info.plist";
				PRODUCT_NAME = "$(TARGET_NAME)";
				TEST_HOST = "$(BUNDLE_LOADER)";
				WRAPPER_EXTENSION = xctest;
			};
			name = Release;
		};
/* End XCBuildConfiguration section */

/* Begin XCConfigurationList section */
		0AE4BED61987A50D007DF4D0 /* Build configuration list for PBXProject "RelaxSound" */ = {
			isa = XCConfigurationList;
			buildConfigurations = (
				0AE4BF051987A50D007DF4D0 /* Debug */,
				0AE4BF061987A50D007DF4D0 /* Release */,
			);
			defaultConfigurationIsVisible = 0;
			defaultConfigurationName = Release;
		};
		0AE4BF071987A50D007DF4D0 /* Build configuration list for PBXNativeTarget "RelaxSound" */ = {
			isa = XCConfigurationList;
			buildConfigurations = (
				0AE4BF081987A50D007DF4D0 /* Debug */,
				0AE4BF091987A50D007DF4D0 /* Release */,
			);
			defaultConfigurationIsVisible = 0;
			defaultConfigurationName = Release;
		};
		0AE4BF0A1987A50D007DF4D0 /* Build configuration list for PBXNativeTarget "RelaxSoundTests" */ = {
			isa = XCConfigurationList;
			buildConfigurations = (
				0AE4BF0B1987A50D007DF4D0 /* Debug */,
				0AE4BF0C1987A50D007DF4D0 /* Release */,
			);
			defaultConfigurationIsVisible = 0;
			defaultConfigurationName = Release;
		};
/* End XCConfigurationList section */
	};
	rootObject = 0AE4BED31987A50D007DF4D0 /* Project object */;
}
